// !$*UTF8*$!
{
	archiveVersion = 1;
	classes = {
	};
	objectVersion = 46;
	objects = {

/* Begin PBXBuildFile section */
		2481DC1F94CAC5153FC5D2F1 /* libPods-Bookcase.a in Frameworks */ = {isa = PBXBuildFile; fileRef = CB603918AADC20E65F1E56F3 /* libPods-Bookcase.a */; };
		740BF6621B35B418009FD806 /* BookDetailTableViewController.m in Sources */ = {isa = PBXBuildFile; fileRef = 740BF6611B35B418009FD806 /* BookDetailTableViewController.m */; };
		740BF6651B383897009FD806 /* BookStatusTableViewCell.m in Sources */ = {isa = PBXBuildFile; fileRef = 740BF6641B383897009FD806 /* BookStatusTableViewCell.m */; };
		743DA1A51B56C37D00FA2121 /* MyStarBooks.m in Sources */ = {isa = PBXBuildFile; fileRef = 743DA1A41B56C37D00FA2121 /* MyStarBooks.m */; };
		7450DEBF1B1CB7B300994915 /* LibraryService.m in Sources */ = {isa = PBXBuildFile; fileRef = 7450DEBE1B1CB7B300994915 /* LibraryService.m */; };
		7452426C1B10CF14005BE8CD /* main.m in Sources */ = {isa = PBXBuildFile; fileRef = 7452426B1B10CF14005BE8CD /* main.m */; };
		7452426F1B10CF14005BE8CD /* AppDelegate.m in Sources */ = {isa = PBXBuildFile; fileRef = 7452426E1B10CF14005BE8CD /* AppDelegate.m */; };
		745242721B10CF14005BE8CD /* SearchViewController.m in Sources */ = {isa = PBXBuildFile; fileRef = 745242711B10CF14005BE8CD /* SearchViewController.m */; };
		7452427A1B10CF14005BE8CD /* Images.xcassets in Resources */ = {isa = PBXBuildFile; fileRef = 745242791B10CF14005BE8CD /* Images.xcassets */; };
		7452427D1B10CF14005BE8CD /* LaunchScreen.xib in Resources */ = {isa = PBXBuildFile; fileRef = 7452427B1B10CF14005BE8CD /* LaunchScreen.xib */; };
		745242891B10CF14005BE8CD /* BookcaseTests.m in Sources */ = {isa = PBXBuildFile; fileRef = 745242881B10CF14005BE8CD /* BookcaseTests.m */; };
		745FD21B1B1F215C00DBC5CC /* BookListTableViewCell.m in Sources */ = {isa = PBXBuildFile; fileRef = 745FD21A1B1F215C00DBC5CC /* BookListTableViewCell.m */; };
		746FB4A31B5D6D2F0002686A /* MyStarBooksTableViewController.m in Sources */ = {isa = PBXBuildFile; fileRef = 746FB4A21B5D6D2F0002686A /* MyStarBooksTableViewController.m */; };
		746FB4A61B5D728C0002686A /* MeTableViewController.m in Sources */ = {isa = PBXBuildFile; fileRef = 746FB4A51B5D728C0002686A /* MeTableViewController.m */; };
		7478E0EE1B178831004DA433 /* Main_iPhone.storyboard in Resources */ = {isa = PBXBuildFile; fileRef = 7478E0ED1B178831004DA433 /* Main_iPhone.storyboard */; };
/* End PBXBuildFile section */

/* Begin PBXContainerItemProxy section */
		745242831B10CF14005BE8CD /* PBXContainerItemProxy */ = {
			isa = PBXContainerItemProxy;
			containerPortal = 7452425E1B10CF14005BE8CD /* Project object */;
			proxyType = 1;
			remoteGlobalIDString = 745242651B10CF14005BE8CD;
			remoteInfo = Bookcase;
		};
/* End PBXContainerItemProxy section */

/* Begin PBXFileReference section */
		44DD1899500C869163178978 /* Pods-Bookcase.debug.xcconfig */ = {isa = PBXFileReference; includeInIndex = 1; lastKnownFileType = text.xcconfig; name = "Pods-Bookcase.debug.xcconfig"; path = "Pods/Target Support Files/Pods-Bookcase/Pods-Bookcase.debug.xcconfig"; sourceTree = "<group>"; };
		740BF6601B35B418009FD806 /* BookDetailTableViewController.h */ = {isa = PBXFileReference; fileEncoding = 4; lastKnownFileType = sourcecode.c.h; path = BookDetailTableViewController.h; sourceTree = "<group>"; };
		740BF6611B35B418009FD806 /* BookDetailTableViewController.m */ = {isa = PBXFileReference; fileEncoding = 4; lastKnownFileType = sourcecode.c.objc; path = BookDetailTableViewController.m; sourceTree = "<group>"; };
		740BF6631B383897009FD806 /* BookStatusTableViewCell.h */ = {isa = PBXFileReference; fileEncoding = 4; lastKnownFileType = sourcecode.c.h; path = BookStatusTableViewCell.h; sourceTree = "<group>"; };
		740BF6641B383897009FD806 /* BookStatusTableViewCell.m */ = {isa = PBXFileReference; fileEncoding = 4; lastKnownFileType = sourcecode.c.objc; path = BookStatusTableViewCell.m; sourceTree = "<group>"; };
		743DA1A31B56C37D00FA2121 /* MyStarBooks.h */ = {isa = PBXFileReference; fileEncoding = 4; lastKnownFileType = sourcecode.c.h; path = MyStarBooks.h; sourceTree = "<group>"; };
		743DA1A41B56C37D00FA2121 /* MyStarBooks.m */ = {isa = PBXFileReference; fileEncoding = 4; lastKnownFileType = sourcecode.c.objc; path = MyStarBooks.m; sourceTree = "<group>"; };
		7450DEBD1B1CB7B300994915 /* LibraryService.h */ = {isa = PBXFileReference; fileEncoding = 4; lastKnownFileType = sourcecode.c.h; path = LibraryService.h; sourceTree = "<group>"; };
		7450DEBE1B1CB7B300994915 /* LibraryService.m */ = {isa = PBXFileReference; fileEncoding = 4; lastKnownFileType = sourcecode.c.objc; path = LibraryService.m; sourceTree = "<group>"; };
		745242661B10CF14005BE8CD /* Bookcase.app */ = {isa = PBXFileReference; explicitFileType = wrapper.application; includeInIndex = 0; path = Bookcase.app; sourceTree = BUILT_PRODUCTS_DIR; };
		7452426A1B10CF14005BE8CD /* Info.plist */ = {isa = PBXFileReference; lastKnownFileType = text.plist.xml; path = Info.plist; sourceTree = "<group>"; };
		7452426B1B10CF14005BE8CD /* main.m */ = {isa = PBXFileReference; lastKnownFileType = sourcecode.c.objc; path = main.m; sourceTree = "<group>"; };
		7452426D1B10CF14005BE8CD /* AppDelegate.h */ = {isa = PBXFileReference; lastKnownFileType = sourcecode.c.h; path = AppDelegate.h; sourceTree = "<group>"; };
		7452426E1B10CF14005BE8CD /* AppDelegate.m */ = {isa = PBXFileReference; lastKnownFileType = sourcecode.c.objc; path = AppDelegate.m; sourceTree = "<group>"; };
		745242701B10CF14005BE8CD /* SearchViewController.h */ = {isa = PBXFileReference; lastKnownFileType = sourcecode.c.h; path = SearchViewController.h; sourceTree = "<group>"; };
		745242711B10CF14005BE8CD /* SearchViewController.m */ = {isa = PBXFileReference; lastKnownFileType = sourcecode.c.objc; path = SearchViewController.m; sourceTree = "<group>"; };
		745242791B10CF14005BE8CD /* Images.xcassets */ = {isa = PBXFileReference; lastKnownFileType = folder.assetcatalog; path = Images.xcassets; sourceTree = "<group>"; };
		7452427C1B10CF14005BE8CD /* Base */ = {isa = PBXFileReference; lastKnownFileType = file.xib; name = Base; path = Base.lproj/LaunchScreen.xib; sourceTree = "<group>"; };
		745242821B10CF14005BE8CD /* BookcaseTests.xctest */ = {isa = PBXFileReference; explicitFileType = wrapper.cfbundle; includeInIndex = 0; path = BookcaseTests.xctest; sourceTree = BUILT_PRODUCTS_DIR; };
		745242871B10CF14005BE8CD /* Info.plist */ = {isa = PBXFileReference; lastKnownFileType = text.plist.xml; path = Info.plist; sourceTree = "<group>"; };
		745242881B10CF14005BE8CD /* BookcaseTests.m */ = {isa = PBXFileReference; lastKnownFileType = sourcecode.c.objc; path = BookcaseTests.m; sourceTree = "<group>"; };
		745FD2191B1F215C00DBC5CC /* BookListTableViewCell.h */ = {isa = PBXFileReference; fileEncoding = 4; lastKnownFileType = sourcecode.c.h; path = BookListTableViewCell.h; sourceTree = "<group>"; };
		745FD21A1B1F215C00DBC5CC /* BookListTableViewCell.m */ = {isa = PBXFileReference; fileEncoding = 4; lastKnownFileType = sourcecode.c.objc; path = BookListTableViewCell.m; sourceTree = "<group>"; };
		746FB4A11B5D6D2F0002686A /* MyStarBooksTableViewController.h */ = {isa = PBXFileReference; fileEncoding = 4; lastKnownFileType = sourcecode.c.h; path = MyStarBooksTableViewController.h; sourceTree = "<group>"; };
		746FB4A21B5D6D2F0002686A /* MyStarBooksTableViewController.m */ = {isa = PBXFileReference; fileEncoding = 4; lastKnownFileType = sourcecode.c.objc; path = MyStarBooksTableViewController.m; sourceTree = "<group>"; };
		746FB4A41B5D728C0002686A /* MeTableViewController.h */ = {isa = PBXFileReference; fileEncoding = 4; lastKnownFileType = sourcecode.c.h; path = MeTableViewController.h; sourceTree = "<group>"; };
		746FB4A51B5D728C0002686A /* MeTableViewController.m */ = {isa = PBXFileReference; fileEncoding = 4; lastKnownFileType = sourcecode.c.objc; path = MeTableViewController.m; sourceTree = "<group>"; };
		7478E0ED1B178831004DA433 /* Main_iPhone.storyboard */ = {isa = PBXFileReference; fileEncoding = 4; lastKnownFileType = file.storyboard; path = Main_iPhone.storyboard; sourceTree = "<group>"; };
		8C31D7FCEB99DE50E1E6E0E5 /* Pods-Bookcase.release.xcconfig */ = {isa = PBXFileReference; includeInIndex = 1; lastKnownFileType = text.xcconfig; name = "Pods-Bookcase.release.xcconfig"; path = "Pods/Target Support Files/Pods-Bookcase/Pods-Bookcase.release.xcconfig"; sourceTree = "<group>"; };
		CB603918AADC20E65F1E56F3 /* libPods-Bookcase.a */ = {isa = PBXFileReference; explicitFileType = archive.ar; includeInIndex = 0; path = "libPods-Bookcase.a"; sourceTree = BUILT_PRODUCTS_DIR; };
/* End PBXFileReference section */

/* Begin PBXFrameworksBuildPhase section */
		745242631B10CF14005BE8CD /* Frameworks */ = {
			isa = PBXFrameworksBuildPhase;
			buildActionMask = 2147483647;
			files = (
				2481DC1F94CAC5153FC5D2F1 /* libPods-Bookcase.a in Frameworks */,
			);
			runOnlyForDeploymentPostprocessing = 0;
		};
		7452427F1B10CF14005BE8CD /* Frameworks */ = {
			isa = PBXFrameworksBuildPhase;
			buildActionMask = 2147483647;
			files = (
			);
			runOnlyForDeploymentPostprocessing = 0;
		};
/* End PBXFrameworksBuildPhase section */

/* Begin PBXGroup section */
		743DA1971B56B77400FA2121 /* View */ = {
			isa = PBXGroup;
			children = (
				743DA1991B56BC2D00FA2121 /* Cell */,
				7478E0ED1B178831004DA433 /* Main_iPhone.storyboard */,
			);
			name = View;
			sourceTree = "<group>";
		};
		743DA1991B56BC2D00FA2121 /* Cell */ = {
			isa = PBXGroup;
			children = (
				745FD2191B1F215C00DBC5CC /* BookListTableViewCell.h */,
				745FD21A1B1F215C00DBC5CC /* BookListTableViewCell.m */,
				740BF6631B383897009FD806 /* BookStatusTableViewCell.h */,
				740BF6641B383897009FD806 /* BookStatusTableViewCell.m */,
			);
			name = Cell;
			sourceTree = "<group>";
		};
		743DA19A1B56BC5000FA2121 /* Controller */ = {
			isa = PBXGroup;
			children = (
				745242701B10CF14005BE8CD /* SearchViewController.h */,
				745242711B10CF14005BE8CD /* SearchViewController.m */,
				740BF6601B35B418009FD806 /* BookDetailTableViewController.h */,
				740BF6611B35B418009FD806 /* BookDetailTableViewController.m */,
				746FB4A11B5D6D2F0002686A /* MyStarBooksTableViewController.h */,
				746FB4A21B5D6D2F0002686A /* MyStarBooksTableViewController.m */,
				746FB4A41B5D728C0002686A /* MeTableViewController.h */,
				746FB4A51B5D728C0002686A /* MeTableViewController.m */,
			);
			name = Controller;
			sourceTree = "<group>";
		};
		743DA19B1B56BC6700FA2121 /* Util */ = {
			isa = PBXGroup;
			children = (
				7450DEBD1B1CB7B300994915 /* LibraryService.h */,
				7450DEBE1B1CB7B300994915 /* LibraryService.m */,
			);
			name = Util;
			sourceTree = "<group>";
		};
		743DA19C1B56BC7800FA2121 /* Model */ = {
			isa = PBXGroup;
			children = (
				743DA1A31B56C37D00FA2121 /* MyStarBooks.h */,
				743DA1A41B56C37D00FA2121 /* MyStarBooks.m */,
			);
			name = Model;
			sourceTree = "<group>";
		};
		7452425D1B10CF14005BE8CD = {
			isa = PBXGroup;
			children = (
				745242681B10CF14005BE8CD /* Bookcase */,
				745242851B10CF14005BE8CD /* BookcaseTests */,
				745242671B10CF14005BE8CD /* Products */,
				D47D741F6236289389A785C5 /* Pods */,
				B07782CCCC5F0114A1825043 /* Frameworks */,
			);
			sourceTree = "<group>";
		};
		745242671B10CF14005BE8CD /* Products */ = {
			isa = PBXGroup;
			children = (
				745242661B10CF14005BE8CD /* Bookcase.app */,
				745242821B10CF14005BE8CD /* BookcaseTests.xctest */,
			);
			name = Products;
			sourceTree = "<group>";
		};
		745242681B10CF14005BE8CD /* Bookcase */ = {
			isa = PBXGroup;
			children = (
				7452426D1B10CF14005BE8CD /* AppDelegate.h */,
				7452426E1B10CF14005BE8CD /* AppDelegate.m */,
				745242791B10CF14005BE8CD /* Images.xcassets */,
				7452427B1B10CF14005BE8CD /* LaunchScreen.xib */,
				745242691B10CF14005BE8CD /* Supporting Files */,
				743DA19C1B56BC7800FA2121 /* Model */,
				743DA1971B56B77400FA2121 /* View */,
				743DA19A1B56BC5000FA2121 /* Controller */,
				743DA19B1B56BC6700FA2121 /* Util */,
			);
			path = Bookcase;
			sourceTree = "<group>";
		};
		745242691B10CF14005BE8CD /* Supporting Files */ = {
			isa = PBXGroup;
			children = (
				7452426A1B10CF14005BE8CD /* Info.plist */,
				7452426B1B10CF14005BE8CD /* main.m */,
			);
			name = "Supporting Files";
			sourceTree = "<group>";
		};
		745242851B10CF14005BE8CD /* BookcaseTests */ = {
			isa = PBXGroup;
			children = (
				745242881B10CF14005BE8CD /* BookcaseTests.m */,
				745242861B10CF14005BE8CD /* Supporting Files */,
			);
			path = BookcaseTests;
			sourceTree = "<group>";
		};
		745242861B10CF14005BE8CD /* Supporting Files */ = {
			isa = PBXGroup;
			children = (
				745242871B10CF14005BE8CD /* Info.plist */,
			);
			name = "Supporting Files";
			sourceTree = "<group>";
		};
		B07782CCCC5F0114A1825043 /* Frameworks */ = {
			isa = PBXGroup;
			children = (
				CB603918AADC20E65F1E56F3 /* libPods-Bookcase.a */,
			);
			name = Frameworks;
			sourceTree = "<group>";
		};
		D47D741F6236289389A785C5 /* Pods */ = {
			isa = PBXGroup;
			children = (
				44DD1899500C869163178978 /* Pods-Bookcase.debug.xcconfig */,
				8C31D7FCEB99DE50E1E6E0E5 /* Pods-Bookcase.release.xcconfig */,
			);
			name = Pods;
			sourceTree = "<group>";
		};
/* End PBXGroup section */

/* Begin PBXNativeTarget section */
		745242651B10CF14005BE8CD /* Bookcase */ = {
			isa = PBXNativeTarget;
			buildConfigurationList = 7452428C1B10CF14005BE8CD /* Build configuration list for PBXNativeTarget "Bookcase" */;
			buildPhases = (
				6C796E87931446FD0B3A8AE8 /* Check Pods Manifest.lock */,
				745242621B10CF14005BE8CD /* Sources */,
				745242631B10CF14005BE8CD /* Frameworks */,
				745242641B10CF14005BE8CD /* Resources */,
				12AF71E198ECD133E84E65FC /* Copy Pods Resources */,
			);
			buildRules = (
			);
			dependencies = (
			);
			name = Bookcase;
			productName = Bookcase;
			productReference = 745242661B10CF14005BE8CD /* Bookcase.app */;
			productType = "com.apple.product-type.application";
		};
		745242811B10CF14005BE8CD /* BookcaseTests */ = {
			isa = PBXNativeTarget;
			buildConfigurationList = 7452428F1B10CF14005BE8CD /* Build configuration list for PBXNativeTarget "BookcaseTests" */;
			buildPhases = (
				7452427E1B10CF14005BE8CD /* Sources */,
				7452427F1B10CF14005BE8CD /* Frameworks */,
				745242801B10CF14005BE8CD /* Resources */,
			);
			buildRules = (
			);
			dependencies = (
				745242841B10CF14005BE8CD /* PBXTargetDependency */,
			);
			name = BookcaseTests;
			productName = BookcaseTests;
			productReference = 745242821B10CF14005BE8CD /* BookcaseTests.xctest */;
			productType = "com.apple.product-type.bundle.unit-test";
		};
/* End PBXNativeTarget section */

/* Begin PBXProject section */
		7452425E1B10CF14005BE8CD /* Project object */ = {
			isa = PBXProject;
			attributes = {
				LastUpgradeCheck = 0630;
				TargetAttributes = {
					745242651B10CF14005BE8CD = {
						CreatedOnToolsVersion = 6.3.2;
					};
					745242811B10CF14005BE8CD = {
						CreatedOnToolsVersion = 6.3.2;
						TestTargetID = 745242651B10CF14005BE8CD;
					};
				};
			};
			buildConfigurationList = 745242611B10CF14005BE8CD /* Build configuration list for PBXProject "Bookcase" */;
			compatibilityVersion = "Xcode 3.2";
			developmentRegion = English;
			hasScannedForEncodings = 0;
			knownRegions = (
				en,
				Base,
			);
			mainGroup = 7452425D1B10CF14005BE8CD;
			productRefGroup = 745242671B10CF14005BE8CD /* Products */;
			projectDirPath = "";
			projectRoot = "";
			targets = (
				745242651B10CF14005BE8CD /* Bookcase */,
				745242811B10CF14005BE8CD /* BookcaseTests */,
			);
		};
/* End PBXProject section */

/* Begin PBXResourcesBuildPhase section */
		745242641B10CF14005BE8CD /* Resources */ = {
			isa = PBXResourcesBuildPhase;
			buildActionMask = 2147483647;
			files = (
				7478E0EE1B178831004DA433 /* Main_iPhone.storyboard in Resources */,
				7452427D1B10CF14005BE8CD /* LaunchScreen.xib in Resources */,
				7452427A1B10CF14005BE8CD /* Images.xcassets in Resources */,
			);
			runOnlyForDeploymentPostprocessing = 0;
		};
		745242801B10CF14005BE8CD /* Resources */ = {
			isa = PBXResourcesBuildPhase;
			buildActionMask = 2147483647;
			files = (
			);
			runOnlyForDeploymentPostprocessing = 0;
		};
/* End PBXResourcesBuildPhase section */

/* Begin PBXShellScriptBuildPhase section */
		12AF71E198ECD133E84E65FC /* Copy Pods Resources */ = {
			isa = PBXShellScriptBuildPhase;
			buildActionMask = 2147483647;
			files = (
			);
			inputPaths = (
			);
			name = "Copy Pods Resources";
			outputPaths = (
			);
			runOnlyForDeploymentPostprocessing = 0;
			shellPath = /bin/sh;
			shellScript = "\"${SRCROOT}/Pods/Target Support Files/Pods-Bookcase/Pods-Bookcase-resources.sh\"\n";
			showEnvVarsInLog = 0;
		};
		6C796E87931446FD0B3A8AE8 /* Check Pods Manifest.lock */ = {
			isa = PBXShellScriptBuildPhase;
			buildActionMask = 2147483647;
			files = (
			);
			inputPaths = (
			);
			name = "Check Pods Manifest.lock";
			outputPaths = (
			);
			runOnlyForDeploymentPostprocessing = 0;
			shellPath = /bin/sh;
			shellScript = "diff \"${PODS_ROOT}/../Podfile.lock\" \"${PODS_ROOT}/Manifest.lock\" > /dev/null\nif [[ $? != 0 ]] ; then\n    cat << EOM\nerror: The sandbox is not in sync with the Podfile.lock. Run 'pod install' or update your CocoaPods installation.\nEOM\n    exit 1\nfi\n";
			showEnvVarsInLog = 0;
		};
/* End PBXShellScriptBuildPhase section */

/* Begin PBXSourcesBuildPhase section */
		745242621B10CF14005BE8CD /* Sources */ = {
			isa = PBXSourcesBuildPhase;
			buildActionMask = 2147483647;
			files = (
				7452426F1B10CF14005BE8CD /* AppDelegate.m in Sources */,
				745FD21B1B1F215C00DBC5CC /* BookListTableViewCell.m in Sources */,
				743DA1A51B56C37D00FA2121 /* MyStarBooks.m in Sources */,
				745242721B10CF14005BE8CD /* SearchViewController.m in Sources */,
				7450DEBF1B1CB7B300994915 /* LibraryService.m in Sources */,
				746FB4A31B5D6D2F0002686A /* MyStarBooksTableViewController.m in Sources */,
				7452426C1B10CF14005BE8CD /* main.m in Sources */,
				740BF6651B383897009FD806 /* BookStatusTableViewCell.m in Sources */,
				740BF6621B35B418009FD806 /* BookDetailTableViewController.m in Sources */,
				746FB4A61B5D728C0002686A /* MeTableViewController.m in Sources */,
			);
			runOnlyForDeploymentPostprocessing = 0;
		};
		7452427E1B10CF14005BE8CD /* Sources */ = {
			isa = PBXSourcesBuildPhase;
			buildActionMask = 2147483647;
			files = (
				745242891B10CF14005BE8CD /* BookcaseTests.m in Sources */,
			);
			runOnlyForDeploymentPostprocessing = 0;
		};
/* End PBXSourcesBuildPhase section */

/* Begin PBXTargetDependency section */
		745242841B10CF14005BE8CD /* PBXTargetDependency */ = {
			isa = PBXTargetDependency;
			target = 745242651B10CF14005BE8CD /* Bookcase */;
			targetProxy = 745242831B10CF14005BE8CD /* PBXContainerItemProxy */;
		};
/* End PBXTargetDependency section */

/* Begin PBXVariantGroup section */
		7452427B1B10CF14005BE8CD /* LaunchScreen.xib */ = {
			isa = PBXVariantGroup;
			children = (
				7452427C1B10CF14005BE8CD /* Base */,
			);
			name = LaunchScreen.xib;
			sourceTree = "<group>";
		};
/* End PBXVariantGroup section */

/* Begin XCBuildConfiguration section */
		7452428A1B10CF14005BE8CD /* Debug */ = {
			isa = XCBuildConfiguration;
			buildSettings = {
				ALWAYS_SEARCH_USER_PATHS = NO;
				CLANG_CXX_LANGUAGE_STANDARD = "gnu++0x";
				CLANG_CXX_LIBRARY = "libc++";
				CLANG_ENABLE_MODULES = YES;
				CLANG_ENABLE_OBJC_ARC = YES;
				CLANG_WARN_BOOL_CONVERSION = YES;
				CLANG_WARN_CONSTANT_CONVERSION = YES;
				CLANG_WARN_DIRECT_OBJC_ISA_USAGE = YES_ERROR;
				CLANG_WARN_EMPTY_BODY = YES;
				CLANG_WARN_ENUM_CONVERSION = YES;
				CLANG_WARN_INT_CONVERSION = YES;
				CLANG_WARN_OBJC_ROOT_CLASS = YES_ERROR;
				CLANG_WARN_UNREACHABLE_CODE = YES;
				CLANG_WARN__DUPLICATE_METHOD_MATCH = YES;
				"CODE_SIGN_IDENTITY[sdk=iphoneos*]" = "iPhone Developer";
				COPY_PHASE_STRIP = NO;
				DEBUG_INFORMATION_FORMAT = "dwarf-with-dsym";
				ENABLE_STRICT_OBJC_MSGSEND = YES;
				GCC_C_LANGUAGE_STANDARD = gnu99;
				GCC_DYNAMIC_NO_PIC = NO;
				GCC_NO_COMMON_BLOCKS = YES;
				GCC_OPTIMIZATION_LEVEL = 0;
				GCC_PREPROCESSOR_DEFINITIONS = (
					"DEBUG=1",
					"$(inherited)",
				);
				GCC_SYMBOLS_PRIVATE_EXTERN = NO;
				GCC_WARN_64_TO_32_BIT_CONVERSION = YES;
				GCC_WARN_ABOUT_RETURN_TYPE = YES_ERROR;
				GCC_WARN_UNDECLARED_SELECTOR = YES;
				GCC_WARN_UNINITIALIZED_AUTOS = YES_AGGRESSIVE;
				GCC_WARN_UNUSED_FUNCTION = YES;
				GCC_WARN_UNUSED_VARIABLE = YES;
				IPHONEOS_DEPLOYMENT_TARGET = 7.0;
				MTL_ENABLE_DEBUG_INFO = YES;
				ONLY_ACTIVE_ARCH = YES;
				SDKROOT = iphoneos;
			};
			name = Debug;
		};
		7452428B1B10CF14005BE8CD /* Release */ = {
			isa = XCBuildConfiguration;
			buildSettings = {
				ALWAYS_SEARCH_USER_PATHS = NO;
				CLANG_CXX_LANGUAGE_STANDARD = "gnu++0x";
				CLANG_CXX_LIBRARY = "libc++";
				CLANG_ENABLE_MODULES = YES;
				CLANG_ENABLE_OBJC_ARC = YES;
				CLANG_WARN_BOOL_CONVERSION = YES;
				CLANG_WARN_CONSTANT_CONVERSION = YES;
				CLANG_WARN_DIRECT_OBJC_ISA_USAGE = YES_ERROR;
				CLANG_WARN_EMPTY_BODY = YES;
				CLANG_WARN_ENUM_CONVERSION = YES;
				CLANG_WARN_INT_CONVERSION = YES;
				CLANG_WARN_OBJC_ROOT_CLASS = YES_ERROR;
				CLANG_WARN_UNREACHABLE_CODE = YES;
				CLANG_WARN__DUPLICATE_METHOD_MATCH = YES;
				"CODE_SIGN_IDENTITY[sdk=iphoneos*]" = "iPhone Developer";
				COPY_PHASE_STRIP = NO;
				DEBUG_INFORMATION_FORMAT = "dwarf-with-dsym";
				ENABLE_NS_ASSERTIONS = NO;
				ENABLE_STRICT_OBJC_MSGSEND = YES;
				GCC_C_LANGUAGE_STANDARD = gnu99;
				GCC_NO_COMMON_BLOCKS = YES;
				GCC_WARN_64_TO_32_BIT_CONVERSION = YES;
				GCC_WARN_ABOUT_RETURN_TYPE = YES_ERROR;
				GCC_WARN_UNDECLARED_SELECTOR = YES;
				GCC_WARN_UNINITIALIZED_AUTOS = YES_AGGRESSIVE;
				GCC_WARN_UNUSED_FUNCTION = YES;
				GCC_WARN_UNUSED_VARIABLE = YES;
				IPHONEOS_DEPLOYMENT_TARGET = 7.0;
				MTL_ENABLE_DEBUG_INFO = NO;
				SDKROOT = iphoneos;
				VALIDATE_PRODUCT = YES;
			};
			name = Release;
		};
		7452428D1B10CF14005BE8CD /* Debug */ = {
			isa = XCBuildConfiguration;
			baseConfigurationReference = 44DD1899500C869163178978 /* Pods-Bookcase.debug.xcconfig */;
			buildSettings = {
				ASSETCATALOG_COMPILER_APPICON_NAME = AppIcon;
				ASSETCATALOG_COMPILER_LAUNCHIMAGE_NAME = LaunchImage;
				INFOPLIST_FILE = Bookcase/Info.plist;
				IPHONEOS_DEPLOYMENT_TARGET = 7.1;
				LD_RUNPATH_SEARCH_PATHS = "$(inherited) @executable_path/Frameworks";
				PRODUCT_NAME = "$(TARGET_NAME)";
			};
			name = Debug;
		};
		7452428E1B10CF14005BE8CD /* Release */ = {
			isa = XCBuildConfiguration;
			baseConfigurationReference = 8C31D7FCEB99DE50E1E6E0E5 /* Pods-Bookcase.release.xcconfig */;
			buildSettings = {
				ASSETCATALOG_COMPILER_APPICON_NAME = AppIcon;
				ASSETCATALOG_COMPILER_LAUNCHIMAGE_NAME = LaunchImage;
				INFOPLIST_FILE = Bookcase/Info.plist;
				IPHONEOS_DEPLOYMENT_TARGET = 7.1;
				LD_RUNPATH_SEARCH_PATHS = "$(inherited) @executable_path/Frameworks";
				PRODUCT_NAME = "$(TARGET_NAME)";
			};
			name = Release;
		};
		745242901B10CF14005BE8CD /* Debug */ = {
			isa = XCBuildConfiguration;
			buildSettings = {
				BUNDLE_LOADER = "$(TEST_HOST)";
				FRAMEWORK_SEARCH_PATHS = (
					"$(SDKROOT)/Developer/Library/Frameworks",
					"$(inherited)",
				);
				GCC_PREPROCESSOR_DEFINITIONS = (
					"DEBUG=1",
					"$(inherited)",
				);
				INFOPLIST_FILE = BookcaseTests/Info.plist;
				LD_RUNPATH_SEARCH_PATHS = "$(inherited) @executable_path/Frameworks @loader_path/Frameworks";
				PRODUCT_NAME = "$(TARGET_NAME)";
				TEST_HOST = "$(BUILT_PRODUCTS_DIR)/Bookcase.app/Bookcase";
			};
			name = Debug;
		};
		745242911B10CF14005BE8CD /* Release */ = {
			isa = XCBuildConfiguration;
			buildSettings = {
				BUNDLE_LOADER = "$(TEST_HOST)";
				FRAMEWORK_SEARCH_PATHS = (
					"$(SDKROOT)/Developer/Library/Frameworks",
					"$(inherited)",
				);
				INFOPLIST_FILE = BookcaseTests/Info.plist;
				LD_RUNPATH_SEARCH_PATHS = "$(inherited) @executable_path/Frameworks @loader_path/Frameworks";
				PRODUCT_NAME = "$(TARGET_NAME)";
				TEST_HOST = "$(BUILT_PRODUCTS_DIR)/Bookcase.app/Bookcase";
			};
			name = Release;
		};
/* End XCBuildConfiguration section */

/* Begin XCConfigurationList section */
		745242611B10CF14005BE8CD /* Build configuration list for PBXProject "Bookcase" */ = {
			isa = XCConfigurationList;
			buildConfigurations = (
				7452428A1B10CF14005BE8CD /* Debug */,
				7452428B1B10CF14005BE8CD /* Release */,
			);
			defaultConfigurationIsVisible = 0;
			defaultConfigurationName = Release;
		};
		7452428C1B10CF14005BE8CD /* Build configuration list for PBXNativeTarget "Bookcase" */ = {
			isa = XCConfigurationList;
			buildConfigurations = (
				7452428D1B10CF14005BE8CD /* Debug */,
				7452428E1B10CF14005BE8CD /* Release */,
			);
			defaultConfigurationIsVisible = 0;
			defaultConfigurationName = Release;
		};
		7452428F1B10CF14005BE8CD /* Build configuration list for PBXNativeTarget "BookcaseTests" */ = {
			isa = XCConfigurationList;
			buildConfigurations = (
				745242901B10CF14005BE8CD /* Debug */,
				745242911B10CF14005BE8CD /* Release */,
			);
			defaultConfigurationIsVisible = 0;
			defaultConfigurationName = Release;
		};
/* End XCConfigurationList section */
	};
	rootObject = 7452425E1B10CF14005BE8CD /* Project object */;
}
