<?xml version="1.0" encoding="UTF-8"?>
<!DOCTYPE plist PUBLIC "-//Apple//DTD PLIST 1.0//EN" "http://www.apple.com/DTDs/PropertyList-1.0.dtd">
<plist version="1.0">
<dict>
	<key>archiveVersion</key>
	<string>1</string>
	<key>classes</key>
	<dict/>
	<key>objectVersion</key>
	<string>46</string>
	<key>objects</key>
	<dict>
		<key>0C97C93B6DE3131DE5EA1107</key>
		<dict>
			<key>buildActionMask</key>
			<string>2147483647</string>
			<key>files</key>
			<array/>
			<key>inputPaths</key>
			<array/>
			<key>isa</key>
			<string>PBXShellScriptBuildPhase</string>
			<key>name</key>
			<string>&#128230; Check Pods Manifest.lock</string>
			<key>outputPaths</key>
			<array/>
			<key>runOnlyForDeploymentPostprocessing</key>
			<string>0</string>
			<key>shellPath</key>
			<string>/bin/sh</string>
			<key>shellScript</key>
			<string>diff "${PODS_ROOT}/../Podfile.lock" "${PODS_ROOT}/Manifest.lock" &gt; /dev/null
if [[ $? != 0 ]] ; then
    cat &lt;&lt; EOM
error: The sandbox is not in sync with the Podfile.lock. Run 'pod install' or update your CocoaPods installation.
EOM
    exit 1
fi
</string>
			<key>showEnvVarsInLog</key>
			<string>0</string>
		</dict>
		<key>0E0F679B4ECF3D398161C1D8</key>
		<dict>
			<key>buildActionMask</key>
			<string>2147483647</string>
			<key>files</key>
			<array/>
			<key>inputPaths</key>
			<array/>
			<key>isa</key>
			<string>PBXShellScriptBuildPhase</string>
			<key>name</key>
			<string>&#128230; Embed Pods Frameworks</string>
			<key>outputPaths</key>
			<array/>
			<key>runOnlyForDeploymentPostprocessing</key>
			<string>0</string>
			<key>shellPath</key>
			<string>/bin/sh</string>
			<key>shellScript</key>
			<string>"${SRCROOT}/Pods/Target Support Files/Pods-Bookcase/Pods-Bookcase-frameworks.sh"
</string>
			<key>showEnvVarsInLog</key>
			<string>0</string>
		</dict>
		<key>168286471CE77BB8006EA561</key>
		<dict>
			<key>fileEncoding</key>
			<string>4</string>
			<key>isa</key>
			<string>PBXFileReference</string>
			<key>lastKnownFileType</key>
			<string>sourcecode.c.h</string>
			<key>path</key>
			<string>BCCommon.h</string>
			<key>sourceTree</key>
			<string>&lt;group&gt;</string>
		</dict>
		<key>168286481CE7819D006EA561</key>
		<dict>
			<key>buildActionMask</key>
			<string>2147483647</string>
			<key>files</key>
			<array/>
			<key>inputPaths</key>
			<array/>
			<key>isa</key>
			<string>PBXShellScriptBuildPhase</string>
			<key>name</key>
			<string>Run Script</string>
			<key>outputPaths</key>
			<array/>
			<key>runOnlyForDeploymentPostprocessing</key>
			<string>0</string>
			<key>shellPath</key>
			<string>/bin/sh</string>
			<key>shellScript</key>
			<string>leancloud upload_symbol \
-f "${DWARF_DSYM_FOLDER_PATH}/${DWARF_DSYM_FILE_NAME}" \
-i "k5v26ACB43xBkLRbxEP7Mqcb-gzGzoHsz" \
-k "geNWSYB3xzlyPkFH2QVq3fze"
</string>
		</dict>
		<key>3DFE6266E682F851926605F0</key>
		<dict>
			<key>buildActionMask</key>
			<string>2147483647</string>
			<key>files</key>
			<array/>
			<key>inputPaths</key>
			<array/>
			<key>isa</key>
			<string>PBXShellScriptBuildPhase</string>
			<key>name</key>
			<string>&#128230; Copy Pods Resources</string>
			<key>outputPaths</key>
			<array/>
			<key>runOnlyForDeploymentPostprocessing</key>
			<string>0</string>
			<key>shellPath</key>
			<string>/bin/sh</string>
			<key>shellScript</key>
			<string>"${SRCROOT}/Pods/Target Support Files/Pods-BookcaseTests/Pods-BookcaseTests-resources.sh"
</string>
			<key>showEnvVarsInLog</key>
			<string>0</string>
		</dict>
		<key>4223B1C9CBD912BA5F6B26D4</key>
		<dict>
			<key>includeInIndex</key>
			<string>1</string>
			<key>isa</key>
			<string>PBXFileReference</string>
			<key>lastKnownFileType</key>
			<string>text.xcconfig</string>
			<key>name</key>
			<string>Pods-Bookcase.release.xcconfig</string>
			<key>path</key>
			<string>Pods/Target Support Files/Pods-Bookcase/Pods-Bookcase.release.xcconfig</string>
			<key>sourceTree</key>
			<string>&lt;group&gt;</string>
		</dict>
		<key>44E7E2C47AE645125466B231</key>
		<dict>
			<key>includeInIndex</key>
			<string>1</string>
			<key>isa</key>
			<string>PBXFileReference</string>
			<key>lastKnownFileType</key>
			<string>text.xcconfig</string>
			<key>name</key>
			<string>Pods-Bookcase.debug.xcconfig</string>
			<key>path</key>
			<string>Pods/Target Support Files/Pods-Bookcase/Pods-Bookcase.debug.xcconfig</string>
			<key>sourceTree</key>
			<string>&lt;group&gt;</string>
		</dict>
		<key>4AD5D871BACA218B36F3FB86</key>
		<dict>
			<key>explicitFileType</key>
			<string>archive.ar</string>
			<key>includeInIndex</key>
			<string>0</string>
			<key>isa</key>
			<string>PBXFileReference</string>
			<key>path</key>
			<string>libPods-BookcaseTests.a</string>
			<key>sourceTree</key>
			<string>BUILT_PRODUCTS_DIR</string>
		</dict>
		<key>6B770D43B5CA6E962AE81BBB</key>
		<dict>
			<key>buildActionMask</key>
			<string>2147483647</string>
			<key>files</key>
			<array/>
			<key>inputPaths</key>
			<array/>
			<key>isa</key>
			<string>PBXShellScriptBuildPhase</string>
			<key>name</key>
			<string>&#128230; Embed Pods Frameworks</string>
			<key>outputPaths</key>
			<array/>
			<key>runOnlyForDeploymentPostprocessing</key>
			<string>0</string>
			<key>shellPath</key>
			<string>/bin/sh</string>
			<key>shellScript</key>
			<string>"${SRCROOT}/Pods/Target Support Files/Pods-BookcaseTests/Pods-BookcaseTests-frameworks.sh"
</string>
			<key>showEnvVarsInLog</key>
			<string>0</string>
		</dict>
		<key>7402263C1B72791A009AAAEB</key>
		<dict>
			<key>fileEncoding</key>
			<string>4</string>
			<key>isa</key>
			<string>PBXFileReference</string>
			<key>lastKnownFileType</key>
			<string>sourcecode.c.h</string>
			<key>path</key>
			<string>LoginManager.h</string>
			<key>sourceTree</key>
			<string>&lt;group&gt;</string>
		</dict>
		<key>7402263D1B72791A009AAAEB</key>
		<dict>
			<key>fileEncoding</key>
			<string>4</string>
			<key>isa</key>
			<string>PBXFileReference</string>
			<key>lastKnownFileType</key>
			<string>sourcecode.c.objc</string>
			<key>path</key>
			<string>LoginManager.m</string>
			<key>sourceTree</key>
			<string>&lt;group&gt;</string>
		</dict>
		<key>7402263E1B72791A009AAAEB</key>
		<dict>
			<key>fileRef</key>
			<string>7402263D1B72791A009AAAEB</string>
			<key>isa</key>
			<string>PBXBuildFile</string>
		</dict>
		<key>740BF6601B35B418009FD806</key>
		<dict>
			<key>fileEncoding</key>
			<string>4</string>
			<key>isa</key>
			<string>PBXFileReference</string>
			<key>lastKnownFileType</key>
			<string>sourcecode.c.h</string>
			<key>path</key>
			<string>BookDetailTableViewController.h</string>
			<key>sourceTree</key>
			<string>&lt;group&gt;</string>
		</dict>
		<key>740BF6611B35B418009FD806</key>
		<dict>
			<key>fileEncoding</key>
			<string>4</string>
			<key>isa</key>
			<string>PBXFileReference</string>
			<key>lastKnownFileType</key>
			<string>sourcecode.c.objc</string>
			<key>path</key>
			<string>BookDetailTableViewController.m</string>
			<key>sourceTree</key>
			<string>&lt;group&gt;</string>
		</dict>
		<key>740BF6621B35B418009FD806</key>
		<dict>
			<key>fileRef</key>
			<string>740BF6611B35B418009FD806</string>
			<key>isa</key>
			<string>PBXBuildFile</string>
		</dict>
		<key>740BF6631B383897009FD806</key>
		<dict>
			<key>fileEncoding</key>
			<string>4</string>
			<key>isa</key>
			<string>PBXFileReference</string>
			<key>lastKnownFileType</key>
			<string>sourcecode.c.h</string>
			<key>path</key>
			<string>BookStatusTableViewCell.h</string>
			<key>sourceTree</key>
			<string>&lt;group&gt;</string>
		</dict>
		<key>740BF6641B383897009FD806</key>
		<dict>
			<key>fileEncoding</key>
			<string>4</string>
			<key>isa</key>
			<string>PBXFileReference</string>
			<key>lastKnownFileType</key>
			<string>sourcecode.c.objc</string>
			<key>path</key>
			<string>BookStatusTableViewCell.m</string>
			<key>sourceTree</key>
			<string>&lt;group&gt;</string>
		</dict>
		<key>740BF6651B383897009FD806</key>
		<dict>
			<key>fileRef</key>
			<string>740BF6641B383897009FD806</string>
			<key>isa</key>
			<string>PBXBuildFile</string>
		</dict>
		<key>741FF7DF1B72677500B85697</key>
		<dict>
			<key>fileEncoding</key>
			<string>4</string>
			<key>isa</key>
			<string>PBXFileReference</string>
			<key>lastKnownFileType</key>
			<string>sourcecode.c.h</string>
			<key>path</key>
			<string>LoginViewController.h</string>
			<key>sourceTree</key>
			<string>&lt;group&gt;</string>
		</dict>
		<key>741FF7E01B72677500B85697</key>
		<dict>
			<key>fileEncoding</key>
			<string>4</string>
			<key>isa</key>
			<string>PBXFileReference</string>
			<key>lastKnownFileType</key>
			<string>sourcecode.c.objc</string>
			<key>path</key>
			<string>LoginViewController.m</string>
			<key>sourceTree</key>
			<string>&lt;group&gt;</string>
		</dict>
		<key>741FF7E11B72677500B85697</key>
		<dict>
			<key>fileRef</key>
			<string>741FF7E01B72677500B85697</string>
			<key>isa</key>
			<string>PBXBuildFile</string>
		</dict>
		<key>743DA1971B56B77400FA2121</key>
		<dict>
			<key>children</key>
			<array>
				<string>743DA1991B56BC2D00FA2121</string>
				<string>7478E0ED1B178831004DA433</string>
			</array>
			<key>isa</key>
			<string>PBXGroup</string>
			<key>name</key>
			<string>View</string>
			<key>sourceTree</key>
			<string>&lt;group&gt;</string>
		</dict>
		<key>743DA1991B56BC2D00FA2121</key>
		<dict>
			<key>children</key>
			<array>
				<string>745FD2191B1F215C00DBC5CC</string>
				<string>745FD21A1B1F215C00DBC5CC</string>
				<string>740BF6631B383897009FD806</string>
				<string>740BF6641B383897009FD806</string>
				<string>745E5D2F1B7E5EAC00249A0D</string>
				<string>745E5D301B7E5EAC00249A0D</string>
			</array>
			<key>isa</key>
			<string>PBXGroup</string>
			<key>name</key>
			<string>Cell</string>
			<key>sourceTree</key>
			<string>&lt;group&gt;</string>
		</dict>
		<key>743DA19A1B56BC5000FA2121</key>
		<dict>
			<key>children</key>
			<array>
				<string>745242701B10CF14005BE8CD</string>
				<string>745242711B10CF14005BE8CD</string>
				<string>740BF6601B35B418009FD806</string>
				<string>740BF6611B35B418009FD806</string>
				<string>746FB4A41B5D728C0002686A</string>
				<string>746FB4A51B5D728C0002686A</string>
				<string>746FB4A11B5D6D2F0002686A</string>
				<string>746FB4A21B5D6D2F0002686A</string>
				<string>74D0E16F1B6FCA9000592540</string>
				<string>74D0E1701B6FCA9000592540</string>
				<string>74AFBC491B68EFFA00D29EF9</string>
				<string>74AFBC4A1B68EFFA00D29EF9</string>
				<string>741FF7DF1B72677500B85697</string>
				<string>741FF7E01B72677500B85697</string>
				<string>745E5D321B7F2FF800249A0D</string>
				<string>745E5D331B7F2FF800249A0D</string>
			</array>
			<key>isa</key>
			<string>PBXGroup</string>
			<key>name</key>
			<string>Controller</string>
			<key>sourceTree</key>
			<string>&lt;group&gt;</string>
		</dict>
		<key>743DA19B1B56BC6700FA2121</key>
		<dict>
			<key>children</key>
			<array>
				<string>7402263C1B72791A009AAAEB</string>
				<string>7402263D1B72791A009AAAEB</string>
				<string>7450DEBD1B1CB7B300994915</string>
				<string>7450DEBE1B1CB7B300994915</string>
				<string>168286471CE77BB8006EA561</string>
			</array>
			<key>isa</key>
			<string>PBXGroup</string>
			<key>name</key>
			<string>Util</string>
			<key>sourceTree</key>
			<string>&lt;group&gt;</string>
		</dict>
		<key>743DA19C1B56BC7800FA2121</key>
		<dict>
			<key>children</key>
			<array>
				<string>743DA1A31B56C37D00FA2121</string>
				<string>743DA1A41B56C37D00FA2121</string>
			</array>
			<key>isa</key>
			<string>PBXGroup</string>
			<key>name</key>
			<string>Model</string>
			<key>sourceTree</key>
			<string>&lt;group&gt;</string>
		</dict>
		<key>743DA1A31B56C37D00FA2121</key>
		<dict>
			<key>fileEncoding</key>
			<string>4</string>
			<key>isa</key>
			<string>PBXFileReference</string>
			<key>lastKnownFileType</key>
			<string>sourcecode.c.h</string>
			<key>path</key>
			<string>MyStarBooks.h</string>
			<key>sourceTree</key>
			<string>&lt;group&gt;</string>
		</dict>
		<key>743DA1A41B56C37D00FA2121</key>
		<dict>
			<key>fileEncoding</key>
			<string>4</string>
			<key>isa</key>
			<string>PBXFileReference</string>
			<key>lastKnownFileType</key>
			<string>sourcecode.c.objc</string>
			<key>path</key>
			<string>MyStarBooks.m</string>
			<key>sourceTree</key>
			<string>&lt;group&gt;</string>
		</dict>
		<key>743DA1A51B56C37D00FA2121</key>
		<dict>
			<key>fileRef</key>
			<string>743DA1A41B56C37D00FA2121</string>
			<key>isa</key>
			<string>PBXBuildFile</string>
		</dict>
		<key>7450DEBD1B1CB7B300994915</key>
		<dict>
			<key>fileEncoding</key>
			<string>4</string>
			<key>isa</key>
			<string>PBXFileReference</string>
			<key>lastKnownFileType</key>
			<string>sourcecode.c.h</string>
			<key>path</key>
			<string>LibraryService.h</string>
			<key>sourceTree</key>
			<string>&lt;group&gt;</string>
		</dict>
		<key>7450DEBE1B1CB7B300994915</key>
		<dict>
			<key>fileEncoding</key>
			<string>4</string>
			<key>isa</key>
			<string>PBXFileReference</string>
			<key>lastKnownFileType</key>
			<string>sourcecode.c.objc</string>
			<key>path</key>
			<string>LibraryService.m</string>
			<key>sourceTree</key>
			<string>&lt;group&gt;</string>
		</dict>
		<key>7450DEBF1B1CB7B300994915</key>
		<dict>
			<key>fileRef</key>
			<string>7450DEBE1B1CB7B300994915</string>
			<key>isa</key>
			<string>PBXBuildFile</string>
		</dict>
		<key>7452425D1B10CF14005BE8CD</key>
		<dict>
			<key>children</key>
			<array>
				<string>745242681B10CF14005BE8CD</string>
				<string>745242851B10CF14005BE8CD</string>
				<string>745242671B10CF14005BE8CD</string>
				<string>90380B2FA562D0EEB57E8167</string>
				<string>BA940D56520423805EB649A1</string>
			</array>
			<key>isa</key>
			<string>PBXGroup</string>
			<key>sourceTree</key>
			<string>&lt;group&gt;</string>
		</dict>
		<key>7452425E1B10CF14005BE8CD</key>
		<dict>
			<key>attributes</key>
			<dict>
				<key>CLASSPREFIX</key>
				<string></string>
				<key>LastUpgradeCheck</key>
				<string>0700</string>
				<key>TargetAttributes</key>
				<dict>
					<key>745242651B10CF14005BE8CD</key>
					<dict>
						<key>CreatedOnToolsVersion</key>
						<string>6.3.2</string>
					</dict>
					<key>745242811B10CF14005BE8CD</key>
					<dict>
						<key>CreatedOnToolsVersion</key>
						<string>6.3.2</string>
						<key>TestTargetID</key>
						<string>745242651B10CF14005BE8CD</string>
					</dict>
				</dict>
			</dict>
			<key>buildConfigurationList</key>
			<string>745242611B10CF14005BE8CD</string>
			<key>compatibilityVersion</key>
			<string>Xcode 3.2</string>
			<key>developmentRegion</key>
			<string>English</string>
			<key>hasScannedForEncodings</key>
			<string>0</string>
			<key>isa</key>
			<string>PBXProject</string>
			<key>knownRegions</key>
			<array>
				<string>en</string>
				<string>Base</string>
			</array>
			<key>mainGroup</key>
			<string>7452425D1B10CF14005BE8CD</string>
			<key>productRefGroup</key>
			<string>745242671B10CF14005BE8CD</string>
			<key>projectDirPath</key>
			<string></string>
			<key>projectReferences</key>
			<array/>
			<key>projectRoot</key>
			<string></string>
			<key>targets</key>
			<array>
				<string>745242651B10CF14005BE8CD</string>
				<string>745242811B10CF14005BE8CD</string>
			</array>
		</dict>
		<key>745242611B10CF14005BE8CD</key>
		<dict>
			<key>buildConfigurations</key>
			<array>
				<string>7452428A1B10CF14005BE8CD</string>
				<string>7452428B1B10CF14005BE8CD</string>
			</array>
			<key>defaultConfigurationIsVisible</key>
			<string>0</string>
			<key>defaultConfigurationName</key>
			<string>Release</string>
			<key>isa</key>
			<string>XCConfigurationList</string>
		</dict>
		<key>745242621B10CF14005BE8CD</key>
		<dict>
			<key>buildActionMask</key>
			<string>2147483647</string>
			<key>files</key>
			<array>
				<string>745E5D341B7F2FF800249A0D</string>
				<string>7452426F1B10CF14005BE8CD</string>
				<string>74D0E1711B6FCA9000592540</string>
				<string>741FF7E11B72677500B85697</string>
				<string>74AFBC4B1B68EFFA00D29EF9</string>
				<string>745FD21B1B1F215C00DBC5CC</string>
				<string>743DA1A51B56C37D00FA2121</string>
				<string>745242721B10CF14005BE8CD</string>
				<string>745E5D311B7E5EAC00249A0D</string>
				<string>7450DEBF1B1CB7B300994915</string>
				<string>746FB4A31B5D6D2F0002686A</string>
				<string>7452426C1B10CF14005BE8CD</string>
				<string>740BF6651B383897009FD806</string>
				<string>740BF6621B35B418009FD806</string>
				<string>746FB4A61B5D728C0002686A</string>
				<string>7402263E1B72791A009AAAEB</string>
			</array>
			<key>isa</key>
			<string>PBXSourcesBuildPhase</string>
			<key>runOnlyForDeploymentPostprocessing</key>
			<string>0</string>
		</dict>
		<key>745242631B10CF14005BE8CD</key>
		<dict>
			<key>buildActionMask</key>
			<string>2147483647</string>
			<key>files</key>
			<array>
				<string>AAC7866FC52AB7A53B5CE274</string>
			</array>
			<key>isa</key>
			<string>PBXFrameworksBuildPhase</string>
			<key>runOnlyForDeploymentPostprocessing</key>
			<string>0</string>
		</dict>
		<key>745242641B10CF14005BE8CD</key>
		<dict>
			<key>buildActionMask</key>
			<string>2147483647</string>
			<key>files</key>
			<array>
				<string>74AFBC481B68E13F00D29EF9</string>
				<string>7478E0EE1B178831004DA433</string>
				<string>7452427D1B10CF14005BE8CD</string>
			</array>
			<key>isa</key>
			<string>PBXResourcesBuildPhase</string>
			<key>runOnlyForDeploymentPostprocessing</key>
			<string>0</string>
		</dict>
		<key>745242651B10CF14005BE8CD</key>
		<dict>
			<key>buildConfigurationList</key>
			<string>7452428C1B10CF14005BE8CD</string>
			<key>buildPhases</key>
			<array>
				<string>A2C127C0C2166023A88C6C5A</string>
				<string>745242621B10CF14005BE8CD</string>
				<string>745242631B10CF14005BE8CD</string>
				<string>745242641B10CF14005BE8CD</string>
				<string>168286481CE7819D006EA561</string>
				<string>0E0F679B4ECF3D398161C1D8</string>
				<string>ABE6511A7EA28E51357A503C</string>
				<string>B9FD24B3216BE980E5959699</string>
			</array>
			<key>buildRules</key>
			<array/>
			<key>dependencies</key>
			<array/>
			<key>isa</key>
			<string>PBXNativeTarget</string>
			<key>name</key>
			<string>Bookcase</string>
			<key>productName</key>
			<string>Bookcase</string>
			<key>productReference</key>
			<string>745242661B10CF14005BE8CD</string>
			<key>productType</key>
			<string>com.apple.product-type.application</string>
		</dict>
		<key>745242661B10CF14005BE8CD</key>
		<dict>
			<key>explicitFileType</key>
			<string>wrapper.application</string>
			<key>includeInIndex</key>
			<string>0</string>
			<key>isa</key>
			<string>PBXFileReference</string>
			<key>path</key>
			<string>Bookcase.app</string>
			<key>sourceTree</key>
			<string>BUILT_PRODUCTS_DIR</string>
		</dict>
		<key>745242671B10CF14005BE8CD</key>
		<dict>
			<key>children</key>
			<array>
				<string>745242661B10CF14005BE8CD</string>
				<string>745242821B10CF14005BE8CD</string>
			</array>
			<key>isa</key>
			<string>PBXGroup</string>
			<key>name</key>
			<string>Products</string>
			<key>sourceTree</key>
			<string>&lt;group&gt;</string>
		</dict>
		<key>745242681B10CF14005BE8CD</key>
		<dict>
			<key>children</key>
			<array>
				<string>7452426D1B10CF14005BE8CD</string>
				<string>7452426E1B10CF14005BE8CD</string>
				<string>7452427B1B10CF14005BE8CD</string>
				<string>74AFBC471B68E13F00D29EF9</string>
				<string>745242691B10CF14005BE8CD</string>
				<string>743DA19C1B56BC7800FA2121</string>
				<string>743DA1971B56B77400FA2121</string>
				<string>743DA19A1B56BC5000FA2121</string>
				<string>743DA19B1B56BC6700FA2121</string>
			</array>
			<key>isa</key>
			<string>PBXGroup</string>
			<key>path</key>
			<string>Bookcase</string>
			<key>sourceTree</key>
			<string>&lt;group&gt;</string>
		</dict>
		<key>745242691B10CF14005BE8CD</key>
		<dict>
			<key>children</key>
			<array>
				<string>7481C8F91B7C350A00FD37AE</string>
				<string>7452426A1B10CF14005BE8CD</string>
				<string>7452426B1B10CF14005BE8CD</string>
			</array>
			<key>isa</key>
			<string>PBXGroup</string>
			<key>name</key>
			<string>Supporting Files</string>
			<key>sourceTree</key>
			<string>&lt;group&gt;</string>
		</dict>
		<key>7452426A1B10CF14005BE8CD</key>
		<dict>
			<key>isa</key>
			<string>PBXFileReference</string>
			<key>lastKnownFileType</key>
			<string>text.plist.xml</string>
			<key>path</key>
			<string>Info.plist</string>
			<key>sourceTree</key>
			<string>&lt;group&gt;</string>
		</dict>
		<key>7452426B1B10CF14005BE8CD</key>
		<dict>
			<key>isa</key>
			<string>PBXFileReference</string>
			<key>lastKnownFileType</key>
			<string>sourcecode.c.objc</string>
			<key>path</key>
			<string>main.m</string>
			<key>sourceTree</key>
			<string>&lt;group&gt;</string>
		</dict>
		<key>7452426C1B10CF14005BE8CD</key>
		<dict>
			<key>fileRef</key>
			<string>7452426B1B10CF14005BE8CD</string>
			<key>isa</key>
			<string>PBXBuildFile</string>
		</dict>
		<key>7452426D1B10CF14005BE8CD</key>
		<dict>
			<key>isa</key>
			<string>PBXFileReference</string>
			<key>lastKnownFileType</key>
			<string>sourcecode.c.h</string>
			<key>path</key>
			<string>AppDelegate.h</string>
			<key>sourceTree</key>
			<string>&lt;group&gt;</string>
		</dict>
		<key>7452426E1B10CF14005BE8CD</key>
		<dict>
			<key>isa</key>
			<string>PBXFileReference</string>
			<key>lastKnownFileType</key>
			<string>sourcecode.c.objc</string>
			<key>path</key>
			<string>AppDelegate.m</string>
			<key>sourceTree</key>
			<string>&lt;group&gt;</string>
		</dict>
		<key>7452426F1B10CF14005BE8CD</key>
		<dict>
			<key>fileRef</key>
			<string>7452426E1B10CF14005BE8CD</string>
			<key>isa</key>
			<string>PBXBuildFile</string>
		</dict>
		<key>745242701B10CF14005BE8CD</key>
		<dict>
			<key>isa</key>
			<string>PBXFileReference</string>
			<key>lastKnownFileType</key>
			<string>sourcecode.c.h</string>
			<key>path</key>
			<string>SearchViewController.h</string>
			<key>sourceTree</key>
			<string>&lt;group&gt;</string>
		</dict>
		<key>745242711B10CF14005BE8CD</key>
		<dict>
			<key>isa</key>
			<string>PBXFileReference</string>
			<key>lastKnownFileType</key>
			<string>sourcecode.c.objc</string>
			<key>path</key>
			<string>SearchViewController.m</string>
			<key>sourceTree</key>
			<string>&lt;group&gt;</string>
		</dict>
		<key>745242721B10CF14005BE8CD</key>
		<dict>
			<key>fileRef</key>
			<string>745242711B10CF14005BE8CD</string>
			<key>isa</key>
			<string>PBXBuildFile</string>
		</dict>
		<key>7452427B1B10CF14005BE8CD</key>
		<dict>
			<key>children</key>
			<array>
				<string>7452427C1B10CF14005BE8CD</string>
			</array>
			<key>isa</key>
			<string>PBXVariantGroup</string>
			<key>name</key>
			<string>LaunchScreen.xib</string>
			<key>sourceTree</key>
			<string>&lt;group&gt;</string>
		</dict>
		<key>7452427C1B10CF14005BE8CD</key>
		<dict>
			<key>isa</key>
			<string>PBXFileReference</string>
			<key>lastKnownFileType</key>
			<string>file.xib</string>
			<key>name</key>
			<string>Base</string>
			<key>path</key>
			<string>Base.lproj/LaunchScreen.xib</string>
			<key>sourceTree</key>
			<string>&lt;group&gt;</string>
		</dict>
		<key>7452427D1B10CF14005BE8CD</key>
		<dict>
			<key>fileRef</key>
			<string>7452427B1B10CF14005BE8CD</string>
			<key>isa</key>
			<string>PBXBuildFile</string>
		</dict>
		<key>7452427E1B10CF14005BE8CD</key>
		<dict>
			<key>buildActionMask</key>
			<string>2147483647</string>
			<key>files</key>
			<array>
				<string>745242891B10CF14005BE8CD</string>
			</array>
			<key>isa</key>
			<string>PBXSourcesBuildPhase</string>
			<key>runOnlyForDeploymentPostprocessing</key>
			<string>0</string>
		</dict>
		<key>7452427F1B10CF14005BE8CD</key>
		<dict>
			<key>buildActionMask</key>
			<string>2147483647</string>
			<key>files</key>
			<array>
				<string>D11C6048D5EC7C46433C89CC</string>
			</array>
			<key>isa</key>
			<string>PBXFrameworksBuildPhase</string>
			<key>runOnlyForDeploymentPostprocessing</key>
			<string>0</string>
		</dict>
		<key>745242801B10CF14005BE8CD</key>
		<dict>
			<key>buildActionMask</key>
			<string>2147483647</string>
			<key>files</key>
			<array/>
			<key>isa</key>
			<string>PBXResourcesBuildPhase</string>
			<key>runOnlyForDeploymentPostprocessing</key>
			<string>0</string>
		</dict>
		<key>745242811B10CF14005BE8CD</key>
		<dict>
			<key>buildConfigurationList</key>
			<string>7452428F1B10CF14005BE8CD</string>
			<key>buildPhases</key>
			<array>
				<string>0C97C93B6DE3131DE5EA1107</string>
				<string>7452427E1B10CF14005BE8CD</string>
				<string>7452427F1B10CF14005BE8CD</string>
				<string>745242801B10CF14005BE8CD</string>
				<string>6B770D43B5CA6E962AE81BBB</string>
				<string>3DFE6266E682F851926605F0</string>
			</array>
			<key>buildRules</key>
			<array/>
			<key>dependencies</key>
			<array>
				<string>745242841B10CF14005BE8CD</string>
			</array>
			<key>isa</key>
			<string>PBXNativeTarget</string>
			<key>name</key>
			<string>BookcaseTests</string>
			<key>productName</key>
			<string>BookcaseTests</string>
			<key>productReference</key>
			<string>745242821B10CF14005BE8CD</string>
			<key>productType</key>
			<string>com.apple.product-type.bundle.unit-test</string>
		</dict>
		<key>745242821B10CF14005BE8CD</key>
		<dict>
			<key>explicitFileType</key>
			<string>wrapper.cfbundle</string>
			<key>includeInIndex</key>
			<string>0</string>
			<key>isa</key>
			<string>PBXFileReference</string>
			<key>path</key>
			<string>BookcaseTests.xctest</string>
			<key>sourceTree</key>
			<string>BUILT_PRODUCTS_DIR</string>
		</dict>
		<key>745242831B10CF14005BE8CD</key>
		<dict>
			<key>containerPortal</key>
			<string>7452425E1B10CF14005BE8CD</string>
			<key>isa</key>
			<string>PBXContainerItemProxy</string>
			<key>proxyType</key>
			<string>1</string>
			<key>remoteGlobalIDString</key>
			<string>745242651B10CF14005BE8CD</string>
			<key>remoteInfo</key>
			<string>Bookcase</string>
		</dict>
		<key>745242841B10CF14005BE8CD</key>
		<dict>
			<key>isa</key>
			<string>PBXTargetDependency</string>
			<key>target</key>
			<string>745242651B10CF14005BE8CD</string>
			<key>targetProxy</key>
			<string>745242831B10CF14005BE8CD</string>
		</dict>
		<key>745242851B10CF14005BE8CD</key>
		<dict>
			<key>children</key>
			<array>
				<string>745242881B10CF14005BE8CD</string>
				<string>745242861B10CF14005BE8CD</string>
			</array>
			<key>isa</key>
			<string>PBXGroup</string>
			<key>path</key>
			<string>BookcaseTests</string>
			<key>sourceTree</key>
			<string>&lt;group&gt;</string>
		</dict>
		<key>745242861B10CF14005BE8CD</key>
		<dict>
			<key>children</key>
			<array>
				<string>745242871B10CF14005BE8CD</string>
			</array>
			<key>isa</key>
			<string>PBXGroup</string>
			<key>name</key>
			<string>Supporting Files</string>
			<key>sourceTree</key>
			<string>&lt;group&gt;</string>
		</dict>
		<key>745242871B10CF14005BE8CD</key>
		<dict>
			<key>isa</key>
			<string>PBXFileReference</string>
			<key>lastKnownFileType</key>
			<string>text.plist.xml</string>
			<key>path</key>
			<string>Info.plist</string>
			<key>sourceTree</key>
			<string>&lt;group&gt;</string>
		</dict>
		<key>745242881B10CF14005BE8CD</key>
		<dict>
			<key>isa</key>
			<string>PBXFileReference</string>
			<key>lastKnownFileType</key>
			<string>sourcecode.c.objc</string>
			<key>path</key>
			<string>BookcaseTests.m</string>
			<key>sourceTree</key>
			<string>&lt;group&gt;</string>
		</dict>
		<key>745242891B10CF14005BE8CD</key>
		<dict>
			<key>fileRef</key>
			<string>745242881B10CF14005BE8CD</string>
			<key>isa</key>
			<string>PBXBuildFile</string>
		</dict>
		<key>7452428A1B10CF14005BE8CD</key>
		<dict>
			<key>buildSettings</key>
			<dict>
				<key>ALWAYS_SEARCH_USER_PATHS</key>
				<string>NO</string>
				<key>CLANG_CXX_LANGUAGE_STANDARD</key>
				<string>gnu++0x</string>
				<key>CLANG_CXX_LIBRARY</key>
				<string>libc++</string>
				<key>CLANG_ENABLE_MODULES</key>
				<string>YES</string>
				<key>CLANG_ENABLE_OBJC_ARC</key>
				<string>YES</string>
				<key>CLANG_WARN_BOOL_CONVERSION</key>
				<string>YES</string>
				<key>CLANG_WARN_CONSTANT_CONVERSION</key>
				<string>YES</string>
				<key>CLANG_WARN_DIRECT_OBJC_ISA_USAGE</key>
				<string>YES_ERROR</string>
				<key>CLANG_WARN_EMPTY_BODY</key>
				<string>YES</string>
				<key>CLANG_WARN_ENUM_CONVERSION</key>
				<string>YES</string>
				<key>CLANG_WARN_INT_CONVERSION</key>
				<string>YES</string>
				<key>CLANG_WARN_OBJC_ROOT_CLASS</key>
				<string>YES_ERROR</string>
				<key>CLANG_WARN_UNREACHABLE_CODE</key>
				<string>YES</string>
				<key>CLANG_WARN__DUPLICATE_METHOD_MATCH</key>
				<string>YES</string>
				<key>CODE_SIGN_IDENTITY[sdk=iphoneos*]</key>
				<string>iPhone Developer</string>
				<key>COPY_PHASE_STRIP</key>
				<string>NO</string>
				<key>DEBUG_INFORMATION_FORMAT</key>
				<string>dwarf-with-dsym</string>
				<key>ENABLE_STRICT_OBJC_MSGSEND</key>
				<string>YES</string>
				<key>ENABLE_TESTABILITY</key>
				<string>YES</string>
				<key>GCC_C_LANGUAGE_STANDARD</key>
				<string>gnu99</string>
				<key>GCC_DYNAMIC_NO_PIC</key>
				<string>NO</string>
				<key>GCC_NO_COMMON_BLOCKS</key>
				<string>YES</string>
				<key>GCC_OPTIMIZATION_LEVEL</key>
				<string>0</string>
				<key>GCC_PREFIX_HEADER</key>
				<string>$(SRCROOT)/Bookcase/Bookcase-prefix.pch</string>
				<key>GCC_PREPROCESSOR_DEFINITIONS</key>
				<array>
					<string>DEBUG=1</string>
					<string>$(inherited)</string>
				</array>
				<key>GCC_SYMBOLS_PRIVATE_EXTERN</key>
				<string>NO</string>
				<key>GCC_WARN_64_TO_32_BIT_CONVERSION</key>
				<string>YES</string>
				<key>GCC_WARN_ABOUT_RETURN_TYPE</key>
				<string>YES_ERROR</string>
				<key>GCC_WARN_UNDECLARED_SELECTOR</key>
				<string>YES</string>
				<key>GCC_WARN_UNINITIALIZED_AUTOS</key>
				<string>YES_AGGRESSIVE</string>
				<key>GCC_WARN_UNUSED_FUNCTION</key>
				<string>YES</string>
				<key>GCC_WARN_UNUSED_VARIABLE</key>
				<string>YES</string>
				<key>IPHONEOS_DEPLOYMENT_TARGET</key>
				<string>7.0</string>
				<key>MTL_ENABLE_DEBUG_INFO</key>
				<string>YES</string>
				<key>ONLY_ACTIVE_ARCH</key>
				<string>YES</string>
				<key>SDKROOT</key>
				<string>iphoneos</string>
			</dict>
			<key>isa</key>
			<string>XCBuildConfiguration</string>
			<key>name</key>
			<string>Debug</string>
		</dict>
		<key>7452428B1B10CF14005BE8CD</key>
		<dict>
			<key>buildSettings</key>
			<dict>
				<key>ALWAYS_SEARCH_USER_PATHS</key>
				<string>NO</string>
				<key>CLANG_CXX_LANGUAGE_STANDARD</key>
				<string>gnu++0x</string>
				<key>CLANG_CXX_LIBRARY</key>
				<string>libc++</string>
				<key>CLANG_ENABLE_MODULES</key>
				<string>YES</string>
				<key>CLANG_ENABLE_OBJC_ARC</key>
				<string>YES</string>
				<key>CLANG_WARN_BOOL_CONVERSION</key>
				<string>YES</string>
				<key>CLANG_WARN_CONSTANT_CONVERSION</key>
				<string>YES</string>
				<key>CLANG_WARN_DIRECT_OBJC_ISA_USAGE</key>
				<string>YES_ERROR</string>
				<key>CLANG_WARN_EMPTY_BODY</key>
				<string>YES</string>
				<key>CLANG_WARN_ENUM_CONVERSION</key>
				<string>YES</string>
				<key>CLANG_WARN_INT_CONVERSION</key>
				<string>YES</string>
				<key>CLANG_WARN_OBJC_ROOT_CLASS</key>
				<string>YES_ERROR</string>
				<key>CLANG_WARN_UNREACHABLE_CODE</key>
				<string>YES</string>
				<key>CLANG_WARN__DUPLICATE_METHOD_MATCH</key>
				<string>YES</string>
				<key>CODE_SIGN_IDENTITY[sdk=iphoneos*]</key>
				<string>iPhone Developer</string>
				<key>COPY_PHASE_STRIP</key>
				<string>NO</string>
				<key>DEBUG_INFORMATION_FORMAT</key>
				<string>dwarf-with-dsym</string>
				<key>ENABLE_NS_ASSERTIONS</key>
				<string>NO</string>
				<key>ENABLE_STRICT_OBJC_MSGSEND</key>
				<string>YES</string>
				<key>GCC_C_LANGUAGE_STANDARD</key>
				<string>gnu99</string>
				<key>GCC_NO_COMMON_BLOCKS</key>
				<string>YES</string>
				<key>GCC_PREFIX_HEADER</key>
				<string>$(SRCROOT)/Bookcase/Bookcase-prefix.pch</string>
				<key>GCC_WARN_64_TO_32_BIT_CONVERSION</key>
				<string>YES</string>
				<key>GCC_WARN_ABOUT_RETURN_TYPE</key>
				<string>YES_ERROR</string>
				<key>GCC_WARN_UNDECLARED_SELECTOR</key>
				<string>YES</string>
				<key>GCC_WARN_UNINITIALIZED_AUTOS</key>
				<string>YES_AGGRESSIVE</string>
				<key>GCC_WARN_UNUSED_FUNCTION</key>
				<string>YES</string>
				<key>GCC_WARN_UNUSED_VARIABLE</key>
				<string>YES</string>
				<key>IPHONEOS_DEPLOYMENT_TARGET</key>
				<string>7.0</string>
				<key>MTL_ENABLE_DEBUG_INFO</key>
				<string>NO</string>
				<key>SDKROOT</key>
				<string>iphoneos</string>
				<key>VALIDATE_PRODUCT</key>
				<string>YES</string>
			</dict>
			<key>isa</key>
			<string>XCBuildConfiguration</string>
			<key>name</key>
			<string>Release</string>
		</dict>
		<key>7452428C1B10CF14005BE8CD</key>
		<dict>
			<key>buildConfigurations</key>
			<array>
				<string>7452428D1B10CF14005BE8CD</string>
				<string>7452428E1B10CF14005BE8CD</string>
			</array>
			<key>defaultConfigurationIsVisible</key>
			<string>0</string>
			<key>defaultConfigurationName</key>
			<string>Release</string>
			<key>isa</key>
			<string>XCConfigurationList</string>
		</dict>
		<key>7452428D1B10CF14005BE8CD</key>
		<dict>
			<key>baseConfigurationReference</key>
			<string>44E7E2C47AE645125466B231</string>
			<key>buildSettings</key>
			<dict>
				<key>ASSETCATALOG_COMPILER_APPICON_NAME</key>
				<string>AppIcon</string>
				<key>ASSETCATALOG_COMPILER_LAUNCHIMAGE_NAME</key>
				<string>LaunchImage</string>
				<key>CODE_SIGN_IDENTITY</key>
				<string>iPhone Developer</string>
				<key>CODE_SIGN_IDENTITY[sdk=*]</key>
				<string>iPhone Developer</string>
				<key>CODE_SIGN_IDENTITY[sdk=iphoneos*]</key>
				<string>iPhone Developer</string>
				<key>INFOPLIST_FILE</key>
				<string>Bookcase/Info.plist</string>
				<key>IPHONEOS_DEPLOYMENT_TARGET</key>
				<string>7.1</string>
				<key>LD_RUNPATH_SEARCH_PATHS</key>
				<string>$(inherited) @executable_path/Frameworks</string>
				<key>PRODUCT_BUNDLE_IDENTIFIER</key>
				<string>com.utsz.$(PRODUCT_NAME:rfc1034identifier)</string>
				<key>PRODUCT_NAME</key>
				<string>$(TARGET_NAME)</string>
				<key>PROVISIONING_PROFILE</key>
				<string></string>
			</dict>
			<key>isa</key>
			<string>XCBuildConfiguration</string>
			<key>name</key>
			<string>Debug</string>
		</dict>
		<key>7452428E1B10CF14005BE8CD</key>
		<dict>
			<key>baseConfigurationReference</key>
			<string>4223B1C9CBD912BA5F6B26D4</string>
			<key>buildSettings</key>
			<dict>
				<key>ASSETCATALOG_COMPILER_APPICON_NAME</key>
				<string>AppIcon</string>
				<key>ASSETCATALOG_COMPILER_LAUNCHIMAGE_NAME</key>
				<string>LaunchImage</string>
				<key>CODE_SIGN_IDENTITY</key>
				<string>iPhone Developer</string>
				<key>CODE_SIGN_IDENTITY[sdk=iphoneos*]</key>
				<string>iPhone Developer</string>
				<key>INFOPLIST_FILE</key>
				<string>Bookcase/Info.plist</string>
				<key>IPHONEOS_DEPLOYMENT_TARGET</key>
				<string>7.1</string>
				<key>LD_RUNPATH_SEARCH_PATHS</key>
				<string>$(inherited) @executable_path/Frameworks</string>
				<key>PRODUCT_BUNDLE_IDENTIFIER</key>
				<string>com.utsz.$(PRODUCT_NAME:rfc1034identifier)</string>
				<key>PRODUCT_NAME</key>
				<string>$(TARGET_NAME)</string>
				<key>PROVISIONING_PROFILE</key>
				<string></string>
			</dict>
			<key>isa</key>
			<string>XCBuildConfiguration</string>
			<key>name</key>
			<string>Release</string>
		</dict>
		<key>7452428F1B10CF14005BE8CD</key>
		<dict>
			<key>buildConfigurations</key>
			<array>
				<string>745242901B10CF14005BE8CD</string>
				<string>745242911B10CF14005BE8CD</string>
			</array>
			<key>defaultConfigurationIsVisible</key>
			<string>0</string>
			<key>defaultConfigurationName</key>
			<string>Release</string>
			<key>isa</key>
			<string>XCConfigurationList</string>
		</dict>
		<key>745242901B10CF14005BE8CD</key>
		<dict>
			<key>baseConfigurationReference</key>
			<string>C90FABA07A1D19E23F156499</string>
			<key>buildSettings</key>
			<dict>
				<key>BUNDLE_LOADER</key>
				<string>$(TEST_HOST)</string>
				<key>FRAMEWORK_SEARCH_PATHS</key>
				<array>
					<string>$(SDKROOT)/Developer/Library/Frameworks</string>
					<string>$(inherited)</string>
				</array>
				<key>GCC_PREPROCESSOR_DEFINITIONS</key>
				<array>
					<string>DEBUG=1</string>
					<string>$(inherited)</string>
				</array>
				<key>INFOPLIST_FILE</key>
				<string>BookcaseTests/Info.plist</string>
				<key>LD_RUNPATH_SEARCH_PATHS</key>
				<string>$(inherited) @executable_path/Frameworks @loader_path/Frameworks</string>
				<key>PRODUCT_BUNDLE_IDENTIFIER</key>
				<string>com.utsz.$(PRODUCT_NAME:rfc1034identifier)</string>
				<key>PRODUCT_NAME</key>
				<string>$(TARGET_NAME)</string>
				<key>TEST_HOST</key>
				<string>$(BUILT_PRODUCTS_DIR)/Bookcase.app/Bookcase</string>
			</dict>
			<key>isa</key>
			<string>XCBuildConfiguration</string>
			<key>name</key>
			<string>Debug</string>
		</dict>
		<key>745242911B10CF14005BE8CD</key>
		<dict>
			<key>baseConfigurationReference</key>
			<string>D9638B56E5E7371FB0AB222D</string>
			<key>buildSettings</key>
			<dict>
				<key>BUNDLE_LOADER</key>
				<string>$(TEST_HOST)</string>
				<key>FRAMEWORK_SEARCH_PATHS</key>
				<array>
					<string>$(SDKROOT)/Developer/Library/Frameworks</string>
					<string>$(inherited)</string>
				</array>
				<key>INFOPLIST_FILE</key>
				<string>BookcaseTests/Info.plist</string>
				<key>LD_RUNPATH_SEARCH_PATHS</key>
				<string>$(inherited) @executable_path/Frameworks @loader_path/Frameworks</string>
				<key>PRODUCT_BUNDLE_IDENTIFIER</key>
				<string>com.utsz.$(PRODUCT_NAME:rfc1034identifier)</string>
				<key>PRODUCT_NAME</key>
				<string>$(TARGET_NAME)</string>
				<key>TEST_HOST</key>
				<string>$(BUILT_PRODUCTS_DIR)/Bookcase.app/Bookcase</string>
			</dict>
			<key>isa</key>
			<string>XCBuildConfiguration</string>
			<key>name</key>
			<string>Release</string>
		</dict>
		<key>745E5D2F1B7E5EAC00249A0D</key>
		<dict>
			<key>fileEncoding</key>
			<string>4</string>
			<key>isa</key>
			<string>PBXFileReference</string>
			<key>lastKnownFileType</key>
			<string>sourcecode.c.h</string>
			<key>path</key>
			<string>BorrowedBookTableViewCell.h</string>
			<key>sourceTree</key>
			<string>&lt;group&gt;</string>
		</dict>
		<key>745E5D301B7E5EAC00249A0D</key>
		<dict>
			<key>fileEncoding</key>
			<string>4</string>
			<key>isa</key>
			<string>PBXFileReference</string>
			<key>lastKnownFileType</key>
			<string>sourcecode.c.objc</string>
			<key>path</key>
			<string>BorrowedBookTableViewCell.m</string>
			<key>sourceTree</key>
			<string>&lt;group&gt;</string>
		</dict>
		<key>745E5D311B7E5EAC00249A0D</key>
		<dict>
			<key>fileRef</key>
			<string>745E5D301B7E5EAC00249A0D</string>
			<key>isa</key>
			<string>PBXBuildFile</string>
		</dict>
		<key>745E5D321B7F2FF800249A0D</key>
		<dict>
			<key>fileEncoding</key>
			<string>4</string>
			<key>isa</key>
			<string>PBXFileReference</string>
			<key>lastKnownFileType</key>
			<string>sourcecode.c.h</string>
			<key>path</key>
			<string>SettingsTableViewController.h</string>
			<key>sourceTree</key>
			<string>&lt;group&gt;</string>
		</dict>
		<key>745E5D331B7F2FF800249A0D</key>
		<dict>
			<key>fileEncoding</key>
			<string>4</string>
			<key>isa</key>
			<string>PBXFileReference</string>
			<key>lastKnownFileType</key>
			<string>sourcecode.c.objc</string>
			<key>path</key>
			<string>SettingsTableViewController.m</string>
			<key>sourceTree</key>
			<string>&lt;group&gt;</string>
		</dict>
		<key>745E5D341B7F2FF800249A0D</key>
		<dict>
			<key>fileRef</key>
			<string>745E5D331B7F2FF800249A0D</string>
			<key>isa</key>
			<string>PBXBuildFile</string>
		</dict>
		<key>745FD2191B1F215C00DBC5CC</key>
		<dict>
			<key>fileEncoding</key>
			<string>4</string>
			<key>isa</key>
			<string>PBXFileReference</string>
			<key>lastKnownFileType</key>
			<string>sourcecode.c.h</string>
			<key>path</key>
			<string>BookListTableViewCell.h</string>
			<key>sourceTree</key>
			<string>&lt;group&gt;</string>
		</dict>
		<key>745FD21A1B1F215C00DBC5CC</key>
		<dict>
			<key>fileEncoding</key>
			<string>4</string>
			<key>isa</key>
			<string>PBXFileReference</string>
			<key>lastKnownFileType</key>
			<string>sourcecode.c.objc</string>
			<key>path</key>
			<string>BookListTableViewCell.m</string>
			<key>sourceTree</key>
			<string>&lt;group&gt;</string>
		</dict>
		<key>745FD21B1B1F215C00DBC5CC</key>
		<dict>
			<key>fileRef</key>
			<string>745FD21A1B1F215C00DBC5CC</string>
			<key>isa</key>
			<string>PBXBuildFile</string>
		</dict>
		<key>746FB4A11B5D6D2F0002686A</key>
		<dict>
			<key>fileEncoding</key>
			<string>4</string>
			<key>isa</key>
			<string>PBXFileReference</string>
			<key>lastKnownFileType</key>
			<string>sourcecode.c.h</string>
			<key>path</key>
			<string>MyStarBooksTableViewController.h</string>
			<key>sourceTree</key>
			<string>&lt;group&gt;</string>
		</dict>
		<key>746FB4A21B5D6D2F0002686A</key>
		<dict>
			<key>fileEncoding</key>
			<string>4</string>
			<key>isa</key>
			<string>PBXFileReference</string>
			<key>lastKnownFileType</key>
			<string>sourcecode.c.objc</string>
			<key>path</key>
			<string>MyStarBooksTableViewController.m</string>
			<key>sourceTree</key>
			<string>&lt;group&gt;</string>
		</dict>
		<key>746FB4A31B5D6D2F0002686A</key>
		<dict>
			<key>fileRef</key>
			<string>746FB4A21B5D6D2F0002686A</string>
			<key>isa</key>
			<string>PBXBuildFile</string>
		</dict>
		<key>746FB4A41B5D728C0002686A</key>
		<dict>
			<key>fileEncoding</key>
			<string>4</string>
			<key>isa</key>
			<string>PBXFileReference</string>
			<key>lastKnownFileType</key>
			<string>sourcecode.c.h</string>
			<key>path</key>
			<string>MeTableViewController.h</string>
			<key>sourceTree</key>
			<string>&lt;group&gt;</string>
		</dict>
		<key>746FB4A51B5D728C0002686A</key>
		<dict>
			<key>fileEncoding</key>
			<string>4</string>
			<key>isa</key>
			<string>PBXFileReference</string>
			<key>lastKnownFileType</key>
			<string>sourcecode.c.objc</string>
			<key>path</key>
			<string>MeTableViewController.m</string>
			<key>sourceTree</key>
			<string>&lt;group&gt;</string>
		</dict>
		<key>746FB4A61B5D728C0002686A</key>
		<dict>
			<key>fileRef</key>
			<string>746FB4A51B5D728C0002686A</string>
			<key>isa</key>
			<string>PBXBuildFile</string>
		</dict>
		<key>7478E0ED1B178831004DA433</key>
		<dict>
			<key>fileEncoding</key>
			<string>4</string>
			<key>isa</key>
			<string>PBXFileReference</string>
			<key>lastKnownFileType</key>
			<string>file.storyboard</string>
			<key>path</key>
			<string>Main_iPhone.storyboard</string>
			<key>sourceTree</key>
			<string>&lt;group&gt;</string>
		</dict>
		<key>7478E0EE1B178831004DA433</key>
		<dict>
			<key>fileRef</key>
			<string>7478E0ED1B178831004DA433</string>
			<key>isa</key>
			<string>PBXBuildFile</string>
		</dict>
		<key>7481C8F91B7C350A00FD37AE</key>
		<dict>
			<key>fileEncoding</key>
			<string>4</string>
			<key>isa</key>
			<string>PBXFileReference</string>
			<key>lastKnownFileType</key>
			<string>sourcecode.c.h</string>
			<key>path</key>
			<string>Bookcase-prefix.pch</string>
			<key>sourceTree</key>
			<string>&lt;group&gt;</string>
		</dict>
		<key>74AFBC471B68E13F00D29EF9</key>
		<dict>
			<key>isa</key>
			<string>PBXFileReference</string>
			<key>lastKnownFileType</key>
			<string>folder.assetcatalog</string>
			<key>path</key>
			<string>Images.xcassets</string>
			<key>sourceTree</key>
			<string>&lt;group&gt;</string>
		</dict>
		<key>74AFBC481B68E13F00D29EF9</key>
		<dict>
			<key>fileRef</key>
			<string>74AFBC471B68E13F00D29EF9</string>
			<key>isa</key>
			<string>PBXBuildFile</string>
		</dict>
		<key>74AFBC491B68EFFA00D29EF9</key>
		<dict>
			<key>fileEncoding</key>
			<string>4</string>
			<key>isa</key>
			<string>PBXFileReference</string>
			<key>lastKnownFileType</key>
			<string>sourcecode.c.h</string>
			<key>path</key>
			<string>RecommendationTableViewController.h</string>
			<key>sourceTree</key>
			<string>&lt;group&gt;</string>
		</dict>
		<key>74AFBC4A1B68EFFA00D29EF9</key>
		<dict>
			<key>fileEncoding</key>
			<string>4</string>
			<key>isa</key>
			<string>PBXFileReference</string>
			<key>lastKnownFileType</key>
			<string>sourcecode.c.objc</string>
			<key>path</key>
			<string>RecommendationTableViewController.m</string>
			<key>sourceTree</key>
			<string>&lt;group&gt;</string>
		</dict>
		<key>74AFBC4B1B68EFFA00D29EF9</key>
		<dict>
			<key>fileRef</key>
			<string>74AFBC4A1B68EFFA00D29EF9</string>
			<key>isa</key>
			<string>PBXBuildFile</string>
		</dict>
		<key>74D0E16F1B6FCA9000592540</key>
		<dict>
			<key>fileEncoding</key>
			<string>4</string>
			<key>isa</key>
			<string>PBXFileReference</string>
			<key>lastKnownFileType</key>
			<string>sourcecode.c.h</string>
			<key>path</key>
			<string>BorrowedBooksViewController.h</string>
			<key>sourceTree</key>
			<string>&lt;group&gt;</string>
		</dict>
		<key>74D0E1701B6FCA9000592540</key>
		<dict>
			<key>fileEncoding</key>
			<string>4</string>
			<key>isa</key>
			<string>PBXFileReference</string>
			<key>lastKnownFileType</key>
			<string>sourcecode.c.objc</string>
			<key>path</key>
			<string>BorrowedBooksViewController.m</string>
			<key>sourceTree</key>
			<string>&lt;group&gt;</string>
		</dict>
		<key>74D0E1711B6FCA9000592540</key>
		<dict>
			<key>fileRef</key>
			<string>74D0E1701B6FCA9000592540</string>
			<key>isa</key>
			<string>PBXBuildFile</string>
		</dict>
		<key>90380B2FA562D0EEB57E8167</key>
		<dict>
			<key>children</key>
			<array>
				<string>44E7E2C47AE645125466B231</string>
				<string>4223B1C9CBD912BA5F6B26D4</string>
				<string>C90FABA07A1D19E23F156499</string>
				<string>D9638B56E5E7371FB0AB222D</string>
			</array>
			<key>isa</key>
			<string>PBXGroup</string>
			<key>name</key>
			<string>Pods</string>
			<key>sourceTree</key>
			<string>&lt;group&gt;</string>
		</dict>
		<key>9124527BF43C976785B7BDD8</key>
		<dict>
			<key>explicitFileType</key>
			<string>archive.ar</string>
			<key>includeInIndex</key>
			<string>0</string>
			<key>isa</key>
			<string>PBXFileReference</string>
			<key>path</key>
			<string>libPods-Bookcase.a</string>
			<key>sourceTree</key>
			<string>BUILT_PRODUCTS_DIR</string>
		</dict>
		<key>A2C127C0C2166023A88C6C5A</key>
		<dict>
			<key>buildActionMask</key>
			<string>2147483647</string>
			<key>files</key>
			<array/>
			<key>inputPaths</key>
			<array/>
			<key>isa</key>
			<string>PBXShellScriptBuildPhase</string>
			<key>name</key>
			<string>&#128230; Check Pods Manifest.lock</string>
			<key>outputPaths</key>
			<array/>
			<key>runOnlyForDeploymentPostprocessing</key>
			<string>0</string>
			<key>shellPath</key>
			<string>/bin/sh</string>
			<key>shellScript</key>
			<string>diff "${PODS_ROOT}/../Podfile.lock" "${PODS_ROOT}/Manifest.lock" &gt; /dev/null
if [[ $? != 0 ]] ; then
    cat &lt;&lt; EOM
error: The sandbox is not in sync with the Podfile.lock. Run 'pod install' or update your CocoaPods installation.
EOM
    exit 1
fi
</string>
			<key>showEnvVarsInLog</key>
			<string>0</string>
		</dict>
		<key>AAC7866FC52AB7A53B5CE274</key>
		<dict>
			<key>fileRef</key>
			<string>9124527BF43C976785B7BDD8</string>
			<key>isa</key>
			<string>PBXBuildFile</string>
		</dict>
		<key>ABE6511A7EA28E51357A503C</key>
		<dict>
			<key>buildActionMask</key>
			<string>2147483647</string>
			<key>files</key>
			<array/>
			<key>inputPaths</key>
			<array/>
			<key>isa</key>
			<string>PBXShellScriptBuildPhase</string>
			<key>name</key>
			<string>&#128230; Copy Pods Resources</string>
			<key>outputPaths</key>
			<array/>
			<key>runOnlyForDeploymentPostprocessing</key>
			<string>0</string>
			<key>shellPath</key>
			<string>/bin/sh</string>
			<key>shellScript</key>
			<string>"${SRCROOT}/Pods/Target Support Files/Pods-Bookcase/Pods-Bookcase-resources.sh"
</string>
			<key>showEnvVarsInLog</key>
			<string>0</string>
		</dict>
		<key>B9FD24B3216BE980E5959699</key>
		<dict>
			<key>buildActionMask</key>
			<string>2147483647</string>
			<key>files</key>
			<array/>
			<key>inputPaths</key>
			<array/>
			<key>isa</key>
			<string>PBXShellScriptBuildPhase</string>
			<key>name</key>
			<string>Embed Pods Frameworks</string>
			<key>outputPaths</key>
			<array/>
			<key>runOnlyForDeploymentPostprocessing</key>
			<string>0</string>
			<key>shellPath</key>
			<string>/bin/sh</string>
			<key>shellScript</key>
			<string>"${SRCROOT}/Pods/Target Support Files/Pods-Bookcase/Pods-Bookcase-frameworks.sh"
</string>
			<key>showEnvVarsInLog</key>
			<string>0</string>
		</dict>
		<key>BA940D56520423805EB649A1</key>
		<dict>
			<key>children</key>
			<array>
				<string>9124527BF43C976785B7BDD8</string>
				<string>4AD5D871BACA218B36F3FB86</string>
			</array>
			<key>isa</key>
			<string>PBXGroup</string>
			<key>name</key>
			<string>Frameworks</string>
			<key>sourceTree</key>
			<string>&lt;group&gt;</string>
		</dict>
		<key>C90FABA07A1D19E23F156499</key>
		<dict>
			<key>includeInIndex</key>
			<string>1</string>
			<key>isa</key>
			<string>PBXFileReference</string>
			<key>lastKnownFileType</key>
			<string>text.xcconfig</string>
			<key>name</key>
			<string>Pods-BookcaseTests.debug.xcconfig</string>
			<key>path</key>
			<string>Pods/Target Support Files/Pods-BookcaseTests/Pods-BookcaseTests.debug.xcconfig</string>
			<key>sourceTree</key>
			<string>&lt;group&gt;</string>
		</dict>
		<key>D11C6048D5EC7C46433C89CC</key>
		<dict>
			<key>fileRef</key>
			<string>4AD5D871BACA218B36F3FB86</string>
			<key>isa</key>
			<string>PBXBuildFile</string>
		</dict>
		<key>D9638B56E5E7371FB0AB222D</key>
		<dict>
			<key>includeInIndex</key>
			<string>1</string>
			<key>isa</key>
			<string>PBXFileReference</string>
			<key>lastKnownFileType</key>
			<string>text.xcconfig</string>
			<key>name</key>
			<string>Pods-BookcaseTests.release.xcconfig</string>
			<key>path</key>
			<string>Pods/Target Support Files/Pods-BookcaseTests/Pods-BookcaseTests.release.xcconfig</string>
			<key>sourceTree</key>
			<string>&lt;group&gt;</string>
		</dict>
	</dict>
	<key>rootObject</key>
	<string>7452425E1B10CF14005BE8CD</string>
</dict>
</plist>
